// !$*UTF8*$!
{
	archiveVersion = 1;
	classes = {
	};
	objectVersion = 50;
	objects = {

/* Begin PBXBuildFile section */
		146E0208E0979E55D32C879A /* Pods_ARKitCarGeolocationApp.framework in Frameworks */ = {isa = PBXBuildFile; fileRef = D279097A5F46CDE1CCFFD7A4 /* Pods_ARKitCarGeolocationApp.framework */; };
		5B1607A12163441800904920 /* AppDelegate.swift in Sources */ = {isa = PBXBuildFile; fileRef = 5B1607A02163441800904920 /* AppDelegate.swift */; };
		5B1607A32163441800904920 /* ViewController.swift in Sources */ = {isa = PBXBuildFile; fileRef = 5B1607A22163441800904920 /* ViewController.swift */; };
		5B1607A62163441800904920 /* Main.storyboard in Resources */ = {isa = PBXBuildFile; fileRef = 5B1607A42163441800904920 /* Main.storyboard */; };
		5B1607A92163441800904920 /* ARKitCarGeolocationApp.xcdatamodeld in Sources */ = {isa = PBXBuildFile; fileRef = 5B1607A72163441800904920 /* ARKitCarGeolocationApp.xcdatamodeld */; };
		5B1607AB2163441900904920 /* Assets.xcassets in Resources */ = {isa = PBXBuildFile; fileRef = 5B1607AA2163441900904920 /* Assets.xcassets */; };
		5B1607AE2163441900904920 /* LaunchScreen.storyboard in Resources */ = {isa = PBXBuildFile; fileRef = 5B1607AC2163441900904920 /* LaunchScreen.storyboard */; };
		5B72DE3F2163538C002B8956 /* FloationPoint+Extension.swift in Sources */ = {isa = PBXBuildFile; fileRef = 5B72DE3E2163538C002B8956 /* FloationPoint+Extension.swift */; };
		5B72DE4321635416002B8956 /* String+Extension.swift in Sources */ = {isa = PBXBuildFile; fileRef = 5B72DE4221635416002B8956 /* String+Extension.swift */; };
		5B72DE452163559C002B8956 /* art.scnassets in Resources */ = {isa = PBXBuildFile; fileRef = 5B72DE442163559C002B8956 /* art.scnassets */; };
		5B72DE472165EBA6002B8956 /* Location.swift in Sources */ = {isa = PBXBuildFile; fileRef = 5B72DE462165EBA6002B8956 /* Location.swift */; };
/* End PBXBuildFile section */

/* Begin PBXFileReference section */
		33A41C1AAE5B1A6A87E3C8D4 /* Pods-ARKitCarGeolocationApp.debug.xcconfig */ = {isa = PBXFileReference; includeInIndex = 1; lastKnownFileType = text.xcconfig; name = "Pods-ARKitCarGeolocationApp.debug.xcconfig"; path = "Pods/Target Support Files/Pods-ARKitCarGeolocationApp/Pods-ARKitCarGeolocationApp.debug.xcconfig"; sourceTree = "<group>"; };
		5B16079D2163441800904920 /* ARKitCarGeolocationApp.app */ = {isa = PBXFileReference; explicitFileType = wrapper.application; includeInIndex = 0; path = ARKitCarGeolocationApp.app; sourceTree = BUILT_PRODUCTS_DIR; };
		5B1607A02163441800904920 /* AppDelegate.swift */ = {isa = PBXFileReference; lastKnownFileType = sourcecode.swift; path = AppDelegate.swift; sourceTree = "<group>"; };
		5B1607A22163441800904920 /* ViewController.swift */ = {isa = PBXFileReference; lastKnownFileType = sourcecode.swift; path = ViewController.swift; sourceTree = "<group>"; };
		5B1607A52163441800904920 /* Base */ = {isa = PBXFileReference; lastKnownFileType = file.storyboard; name = Base; path = Base.lproj/Main.storyboard; sourceTree = "<group>"; };
		5B1607A82163441800904920 /* ARKitCarGeolocationApp.xcdatamodel */ = {isa = PBXFileReference; lastKnownFileType = wrapper.xcdatamodel; path = ARKitCarGeolocationApp.xcdatamodel; sourceTree = "<group>"; };
		5B1607AA2163441900904920 /* Assets.xcassets */ = {isa = PBXFileReference; lastKnownFileType = folder.assetcatalog; path = Assets.xcassets; sourceTree = "<group>"; };
		5B1607AD2163441900904920 /* Base */ = {isa = PBXFileReference; lastKnownFileType = file.storyboard; name = Base; path = Base.lproj/LaunchScreen.storyboard; sourceTree = "<group>"; };
		5B1607AF2163441900904920 /* Info.plist */ = {isa = PBXFileReference; lastKnownFileType = text.plist.xml; path = Info.plist; sourceTree = "<group>"; };
		5B72DE3E2163538C002B8956 /* FloationPoint+Extension.swift */ = {isa = PBXFileReference; lastKnownFileType = sourcecode.swift; path = "FloationPoint+Extension.swift"; sourceTree = "<group>"; };
		5B72DE4221635416002B8956 /* String+Extension.swift */ = {isa = PBXFileReference; lastKnownFileType = sourcecode.swift; path = "String+Extension.swift"; sourceTree = "<group>"; };
		5B72DE442163559C002B8956 /* art.scnassets */ = {isa = PBXFileReference; lastKnownFileType = wrapper.scnassets; path = art.scnassets; sourceTree = "<group>"; };
		5B72DE462165EBA6002B8956 /* Location.swift */ = {isa = PBXFileReference; lastKnownFileType = sourcecode.swift; path = Location.swift; sourceTree = "<group>"; };
		9143A60978F54E39CF2C1888 /* Pods-ARKitCarGeolocationApp.release.xcconfig */ = {isa = PBXFileReference; includeInIndex = 1; lastKnownFileType = text.xcconfig; name = "Pods-ARKitCarGeolocationApp.release.xcconfig"; path = "Pods/Target Support Files/Pods-ARKitCarGeolocationApp/Pods-ARKitCarGeolocationApp.release.xcconfig"; sourceTree = "<group>"; };
		D279097A5F46CDE1CCFFD7A4 /* Pods_ARKitCarGeolocationApp.framework */ = {isa = PBXFileReference; explicitFileType = wrapper.framework; includeInIndex = 0; path = Pods_ARKitCarGeolocationApp.framework; sourceTree = BUILT_PRODUCTS_DIR; };
/* End PBXFileReference section */

/* Begin PBXFrameworksBuildPhase section */
		5B16079A2163441800904920 /* Frameworks */ = {
			isa = PBXFrameworksBuildPhase;
			buildActionMask = 2147483647;
			files = (
				146E0208E0979E55D32C879A /* Pods_ARKitCarGeolocationApp.framework in Frameworks */,
			);
			runOnlyForDeploymentPostprocessing = 0;
		};
/* End PBXFrameworksBuildPhase section */

/* Begin PBXGroup section */
		5B1607942163441800904920 = {
			isa = PBXGroup;
			children = (
				5B16079F2163441800904920 /* ARKitCarGeolocationApp */,
				5B16079E2163441800904920 /* Products */,
				A477DEF1220F400A0C13C190 /* Pods */,
				5D075AB355508039E8761607 /* Frameworks */,
			);
			sourceTree = "<group>";
		};
		5B16079E2163441800904920 /* Products */ = {
			isa = PBXGroup;
			children = (
				5B16079D2163441800904920 /* ARKitCarGeolocationApp.app */,
			);
			name = Products;
			sourceTree = "<group>";
		};
		5B16079F2163441800904920 /* ARKitCarGeolocationApp */ = {
			isa = PBXGroup;
			children = (
				5B1607A02163441800904920 /* AppDelegate.swift */,
				5B1607A22163441800904920 /* ViewController.swift */,
				5B72DE462165EBA6002B8956 /* Location.swift */,
				5B72DE3E2163538C002B8956 /* FloationPoint+Extension.swift */,
				5B72DE4221635416002B8956 /* String+Extension.swift */,
				5B72DE442163559C002B8956 /* art.scnassets */,
				5B1607A42163441800904920 /* Main.storyboard */,
				5B1607AA2163441900904920 /* Assets.xcassets */,
				5B1607AC2163441900904920 /* LaunchScreen.storyboard */,
				5B1607AF2163441900904920 /* Info.plist */,
				5B1607A72163441800904920 /* ARKitCarGeolocationApp.xcdatamodeld */,
			);
			path = ARKitCarGeolocationApp;
			sourceTree = "<group>";
		};
		5D075AB355508039E8761607 /* Frameworks */ = {
			isa = PBXGroup;
			children = (
				D279097A5F46CDE1CCFFD7A4 /* Pods_ARKitCarGeolocationApp.framework */,
			);
			name = Frameworks;
			sourceTree = "<group>";
		};
		A477DEF1220F400A0C13C190 /* Pods */ = {
			isa = PBXGroup;
			children = (
				33A41C1AAE5B1A6A87E3C8D4 /* Pods-ARKitCarGeolocationApp.debug.xcconfig */,
				9143A60978F54E39CF2C1888 /* Pods-ARKitCarGeolocationApp.release.xcconfig */,
			);
			name = Pods;
			sourceTree = "<group>";
		};
/* End PBXGroup section */

/* Begin PBXNativeTarget section */
		5B16079C2163441800904920 /* ARKitCarGeolocationApp */ = {
			isa = PBXNativeTarget;
			buildConfigurationList = 5B1607B22163441900904920 /* Build configuration list for PBXNativeTarget "ARKitCarGeolocationApp" */;
			buildPhases = (
				0304AB72612891C4AC9269B1 /* [CP] Check Pods Manifest.lock */,
				5B1607992163441800904920 /* Sources */,
				5B16079A2163441800904920 /* Frameworks */,
				5B16079B2163441800904920 /* Resources */,
				5DE42B06AF5F91A59CCA6073 /* [CP] Embed Pods Frameworks */,
			);
			buildRules = (
			);
			dependencies = (
			);
			name = ARKitCarGeolocationApp;
			productName = ARKitCarGeolocationApp;
			productReference = 5B16079D2163441800904920 /* ARKitCarGeolocationApp.app */;
			productType = "com.apple.product-type.application";
		};
/* End PBXNativeTarget section */

/* Begin PBXProject section */
		5B1607952163441800904920 /* Project object */ = {
			isa = PBXProject;
			attributes = {
				LastSwiftUpdateCheck = 1000;
				LastUpgradeCheck = 1000;
				ORGANIZATIONNAME = Martin;
				TargetAttributes = {
					5B16079C2163441800904920 = {
						CreatedOnToolsVersion = 10.0;
					};
				};
			};
			buildConfigurationList = 5B1607982163441800904920 /* Build configuration list for PBXProject "ARKitCarGeolocationApp" */;
			compatibilityVersion = "Xcode 9.3";
			developmentRegion = en;
			hasScannedForEncodings = 0;
			knownRegions = (
				en,
				Base,
			);
			mainGroup = 5B1607942163441800904920;
			productRefGroup = 5B16079E2163441800904920 /* Products */;
			projectDirPath = "";
			projectRoot = "";
			targets = (
				5B16079C2163441800904920 /* ARKitCarGeolocationApp */,
			);
		};
/* End PBXProject section */

/* Begin PBXResourcesBuildPhase section */
		5B16079B2163441800904920 /* Resources */ = {
			isa = PBXResourcesBuildPhase;
			buildActionMask = 2147483647;
			files = (
				5B1607AE2163441900904920 /* LaunchScreen.storyboard in Resources */,
				5B72DE452163559C002B8956 /* art.scnassets in Resources */,
				5B1607AB2163441900904920 /* Assets.xcassets in Resources */,
				5B1607A62163441800904920 /* Main.storyboard in Resources */,
			);
			runOnlyForDeploymentPostprocessing = 0;
		};
/* End PBXResourcesBuildPhase section */

/* Begin PBXShellScriptBuildPhase section */
		0304AB72612891C4AC9269B1 /* [CP] Check Pods Manifest.lock */ = {
			isa = PBXShellScriptBuildPhase;
			buildActionMask = 2147483647;
			files = (
			);
			inputFileListPaths = (
			);
			inputPaths = (
				"${PODS_PODFILE_DIR_PATH}/Podfile.lock",
				"${PODS_ROOT}/Manifest.lock",
			);
			name = "[CP] Check Pods Manifest.lock";
			outputFileListPaths = (
			);
			outputPaths = (
				"$(DERIVED_FILE_DIR)/Pods-ARKitCarGeolocationApp-checkManifestLockResult.txt",
			);
			runOnlyForDeploymentPostprocessing = 0;
			shellPath = /bin/sh;
			shellScript = "diff \"${PODS_PODFILE_DIR_PATH}/Podfile.lock\" \"${PODS_ROOT}/Manifest.lock\" > /dev/null\nif [ $? != 0 ] ; then\n    # print error to STDERR\n    echo \"error: The sandbox is not in sync with the Podfile.lock. Run 'pod install' or update your CocoaPods installation.\" >&2\n    exit 1\nfi\n# This output is used by Xcode 'outputs' to avoid re-running this script phase.\necho \"SUCCESS\" > \"${SCRIPT_OUTPUT_FILE_0}\"\n";
			showEnvVarsInLog = 0;
		};
		5DE42B06AF5F91A59CCA6073 /* [CP] Embed Pods Frameworks */ = {
			isa = PBXShellScriptBuildPhase;
			buildActionMask = 2147483647;
			files = (
			);
			inputFileListPaths = (
			);
			inputPaths = (
				"${SRCROOT}/Pods/Target Support Files/Pods-ARKitCarGeolocationApp/Pods-ARKitCarGeolocationApp-frameworks.sh",
				"${BUILT_PRODUCTS_DIR}/PusherSwift/PusherSwift.framework",
			);
			name = "[CP] Embed Pods Frameworks";
			outputFileListPaths = (
			);
			outputPaths = (
				"${TARGET_BUILD_DIR}/${FRAMEWORKS_FOLDER_PATH}/PusherSwift.framework",
			);
			runOnlyForDeploymentPostprocessing = 0;
			shellPath = /bin/sh;
			shellScript = "\"${SRCROOT}/Pods/Target Support Files/Pods-ARKitCarGeolocationApp/Pods-ARKitCarGeolocationApp-frameworks.sh\"\n";
			showEnvVarsInLog = 0;
		};
/* End PBXShellScriptBuildPhase section */

/* Begin PBXSourcesBuildPhase section */
		5B1607992163441800904920 /* Sources */ = {
			isa = PBXSourcesBuildPhase;
			buildActionMask = 2147483647;
			files = (
				5B1607A32163441800904920 /* ViewController.swift in Sources */,
				5B1607A12163441800904920 /* AppDelegate.swift in Sources */,
				5B72DE3F2163538C002B8956 /* FloationPoint+Extension.swift in Sources */,
				5B72DE4321635416002B8956 /* String+Extension.swift in Sources */,
				5B72DE472165EBA6002B8956 /* Location.swift in Sources */,
				5B1607A92163441800904920 /* ARKitCarGeolocationApp.xcdatamodeld in Sources */,
			);
			runOnlyForDeploymentPostprocessing = 0;
		};
/* End PBXSourcesBuildPhase section */

/* Begin PBXVariantGroup section */
		5B1607A42163441800904920 /* Main.storyboard */ = {
			isa = PBXVariantGroup;
			children = (
				5B1607A52163441800904920 /* Base */,
			);
			name = Main.storyboard;
			sourceTree = "<group>";
		};
		5B1607AC2163441900904920 /* LaunchScreen.storyboard */ = {
			isa = PBXVariantGroup;
			children = (
				5B1607AD2163441900904920 /* Base */,
			);
			name = LaunchScreen.storyboard;
			sourceTree = "<group>";
		};
/* End PBXVariantGroup section */

/* Begin XCBuildConfiguration section */
		5B1607B02163441900904920 /* Debug */ = {
			isa = XCBuildConfiguration;
			buildSettings = {
				ALWAYS_SEARCH_USER_PATHS = NO;
				CLANG_ANALYZER_NONNULL = YES;
				CLANG_ANALYZER_NUMBER_OBJECT_CONVERSION = YES_AGGRESSIVE;
				CLANG_CXX_LANGUAGE_STANDARD = "gnu++14";
				CLANG_CXX_LIBRARY = "libc++";
				CLANG_ENABLE_MODULES = YES;
				CLANG_ENABLE_OBJC_ARC = YES;
				CLANG_ENABLE_OBJC_WEAK = YES;
				CLANG_WARN_BLOCK_CAPTURE_AUTORELEASING = YES;
				CLANG_WARN_BOOL_CONVERSION = YES;
				CLANG_WARN_COMMA = YES;
				CLANG_WARN_CONSTANT_CONVERSION = YES;
				CLANG_WARN_DEPRECATED_OBJC_IMPLEMENTATIONS = YES;
				CLANG_WARN_DIRECT_OBJC_ISA_USAGE = YES_ERROR;
				CLANG_WARN_DOCUMENTATION_COMMENTS = YES;
				CLANG_WARN_EMPTY_BODY = YES;
				CLANG_WARN_ENUM_CONVERSION = YES;
				CLANG_WARN_INFINITE_RECURSION = YES;
				CLANG_WARN_INT_CONVERSION = YES;
				CLANG_WARN_NON_LITERAL_NULL_CONVERSION = YES;
				CLANG_WARN_OBJC_IMPLICIT_RETAIN_SELF = YES;
				CLANG_WARN_OBJC_LITERAL_CONVERSION = YES;
				CLANG_WARN_OBJC_ROOT_CLASS = YES_ERROR;
				CLANG_WARN_RANGE_LOOP_ANALYSIS = YES;
				CLANG_WARN_STRICT_PROTOTYPES = YES;
				CLANG_WARN_SUSPICIOUS_MOVE = YES;
				CLANG_WARN_UNGUARDED_AVAILABILITY = YES_AGGRESSIVE;
				CLANG_WARN_UNREACHABLE_CODE = YES;
				CLANG_WARN__DUPLICATE_METHOD_MATCH = YES;
				CODE_SIGN_IDENTITY = "iPhone Developer";
				COPY_PHASE_STRIP = NO;
				DEBUG_INFORMATION_FORMAT = dwarf;
				ENABLE_STRICT_OBJC_MSGSEND = YES;
				ENABLE_TESTABILITY = YES;
				GCC_C_LANGUAGE_STANDARD = gnu11;
				GCC_DYNAMIC_NO_PIC = NO;
				GCC_NO_COMMON_BLOCKS = YES;
				GCC_OPTIMIZATION_LEVEL = 0;
				GCC_PREPROCESSOR_DEFINITIONS = (
					"DEBUG=1",
					"$(inherited)",
				);
				GCC_WARN_64_TO_32_BIT_CONVERSION = YES;
				GCC_WARN_ABOUT_RETURN_TYPE = YES_ERROR;
				GCC_WARN_UNDECLARED_SELECTOR = YES;
				GCC_WARN_UNINITIALIZED_AUTOS = YES_AGGRESSIVE;
				GCC_WARN_UNUSED_FUNCTION = YES;
				GCC_WARN_UNUSED_VARIABLE = YES;
				IPHONEOS_DEPLOYMENT_TARGET = 12.0;
				MTL_ENABLE_DEBUG_INFO = INCLUDE_SOURCE;
				MTL_FAST_MATH = YES;
				ONLY_ACTIVE_ARCH = YES;
				SDKROOT = iphoneos;
				SWIFT_ACTIVE_COMPILATION_CONDITIONS = DEBUG;
				SWIFT_OPTIMIZATION_LEVEL = "-Onone";
			};
			name = Debug;
		};
		5B1607B12163441900904920 /* Release */ = {
			isa = XCBuildConfiguration;
			buildSettings = {
				ALWAYS_SEARCH_USER_PATHS = NO;
				CLANG_ANALYZER_NONNULL = YES;
				CLANG_ANALYZER_NUMBER_OBJECT_CONVERSION = YES_AGGRESSIVE;
				CLANG_CXX_LANGUAGE_STANDARD = "gnu++14";
				CLANG_CXX_LIBRARY = "libc++";
				CLANG_ENABLE_MODULES = YES;
				CLANG_ENABLE_OBJC_ARC = YES;
				CLANG_ENABLE_OBJC_WEAK = YES;
				CLANG_WARN_BLOCK_CAPTURE_AUTORELEASING = YES;
				CLANG_WARN_BOOL_CONVERSION = YES;
				CLANG_WARN_COMMA = YES;
				CLANG_WARN_CONSTANT_CONVERSION = YES;
				CLANG_WARN_DEPRECATED_OBJC_IMPLEMENTATIONS = YES;
				CLANG_WARN_DIRECT_OBJC_ISA_USAGE = YES_ERROR;
				CLANG_WARN_DOCUMENTATION_COMMENTS = YES;
				CLANG_WARN_EMPTY_BODY = YES;
				CLANG_WARN_ENUM_CONVERSION = YES;
				CLANG_WARN_INFINITE_RECURSION = YES;
				CLANG_WARN_INT_CONVERSION = YES;
				CLANG_WARN_NON_LITERAL_NULL_CONVERSION = YES;
				CLANG_WARN_OBJC_IMPLICIT_RETAIN_SELF = YES;
				CLANG_WARN_OBJC_LITERAL_CONVERSION = YES;
				CLANG_WARN_OBJC_ROOT_CLASS = YES_ERROR;
				CLANG_WARN_RANGE_LOOP_ANALYSIS = YES;
				CLANG_WARN_STRICT_PROTOTYPES = YES;
				CLANG_WARN_SUSPICIOUS_MOVE = YES;
				CLANG_WARN_UNGUARDED_AVAILABILITY = YES_AGGRESSIVE;
				CLANG_WARN_UNREACHABLE_CODE = YES;
				CLANG_WARN__DUPLICATE_METHOD_MATCH = YES;
				CODE_SIGN_IDENTITY = "iPhone Developer";
				COPY_PHASE_STRIP = NO;
				DEBUG_INFORMATION_FORMAT = "dwarf-with-dsym";
				ENABLE_NS_ASSERTIONS = NO;
				ENABLE_STRICT_OBJC_MSGSEND = YES;
				GCC_C_LANGUAGE_STANDARD = gnu11;
				GCC_NO_COMMON_BLOCKS = YES;
				GCC_WARN_64_TO_32_BIT_CONVERSION = YES;
				GCC_WARN_ABOUT_RETURN_TYPE = YES_ERROR;
				GCC_WARN_UNDECLARED_SELECTOR = YES;
				GCC_WARN_UNINITIALIZED_AUTOS = YES_AGGRESSIVE;
				GCC_WARN_UNUSED_FUNCTION = YES;
				GCC_WARN_UNUSED_VARIABLE = YES;
				IPHONEOS_DEPLOYMENT_TARGET = 12.0;
				MTL_ENABLE_DEBUG_INFO = NO;
				MTL_FAST_MATH = YES;
				SDKROOT = iphoneos;
				SWIFT_COMPILATION_MODE = wholemodule;
				SWIFT_OPTIMIZATION_LEVEL = "-O";
				VALIDATE_PRODUCT = YES;
			};
			name = Release;
		};
		5B1607B32163441900904920 /* Debug */ = {
			isa = XCBuildConfiguration;
			baseConfigurationReference = 33A41C1AAE5B1A6A87E3C8D4 /* Pods-ARKitCarGeolocationApp.debug.xcconfig */;
			buildSettings = {
				ASSETCATALOG_COMPILER_APPICON_NAME = AppIcon;
				CODE_SIGN_STYLE = Automatic;
				DEVELOPMENT_TEAM = QV629J4HQX;
				INFOPLIST_FILE = ARKitCarGeolocationApp/Info.plist;
				IPHONEOS_DEPLOYMENT_TARGET = 11.0;
				LD_RUNPATH_SEARCH_PATHS = (
					"$(inherited)",
					"@executable_path/Frameworks",
				);
				PRODUCT_BUNDLE_IDENTIFIER = com.martin.ARKitCarGeolocationApp;
				PRODUCT_NAME = "$(TARGET_NAME)";
				SWIFT_VERSION = 4.2;
				TARGETED_DEVICE_FAMILY = "1,2";
			};
			name = Debug;
		};
		5B1607B42163441900904920 /* Release */ = {
			isa = XCBuildConfiguration;
			baseConfigurationReference = 9143A60978F54E39CF2C1888 /* Pods-ARKitCarGeolocationApp.release.xcconfig */;
			buildSettings = {
				ASSETCATALOG_COMPILER_APPICON_NAME = AppIcon;
				CODE_SIGN_STYLE = Automatic;
				DEVELOPMENT_TEAM = QV629J4HQX;
				INFOPLIST_FILE = ARKitCarGeolocationApp/Info.plist;
				IPHONEOS_DEPLOYMENT_TARGET = 11.0;
				LD_RUNPATH_SEARCH_PATHS = (
					"$(inherited)",
					"@executable_path/Frameworks",
				);
				PRODUCT_BUNDLE_IDENTIFIER = com.martin.ARKitCarGeolocationApp;
				PRODUCT_NAME = "$(TARGET_NAME)";
				SWIFT_VERSION = 4.2;
				TARGETED_DEVICE_FAMILY = "1,2";
			};
			name = Release;
		};
/* End XCBuildConfiguration section */

/* Begin XCConfigurationList section */
		5B1607982163441800904920 /* Build configuration list for PBXProject "ARKitCarGeolocationApp" */ = {
			isa = XCConfigurationList;
			buildConfigurations = (
				5B1607B02163441900904920 /* Debug */,
				5B1607B12163441900904920 /* Release */,
			);
			defaultConfigurationIsVisible = 0;
			defaultConfigurationName = Release;
		};
		5B1607B22163441900904920 /* Build configuration list for PBXNativeTarget "ARKitCarGeolocationApp" */ = {
			isa = XCConfigurationList;
			buildConfigurations = (
				5B1607B32163441900904920 /* Debug */,
				5B1607B42163441900904920 /* Release */,
			);
			defaultConfigurationIsVisible = 0;
			defaultConfigurationName = Release;
		};
/* End XCConfigurationList section */

/* Begin XCVersionGroup section */
		5B1607A72163441800904920 /* ARKitCarGeolocationApp.xcdatamodeld */ = {
			isa = XCVersionGroup;
			children = (
				5B1607A82163441800904920 /* ARKitCarGeolocationApp.xcdatamodel */,
			);
			currentVersion = 5B1607A82163441800904920 /* ARKitCarGeolocationApp.xcdatamodel */;
			path = ARKitCarGeolocationApp.xcdatamodeld;
			sourceTree = "<group>";
			versionGroupType = wrapper.xcdatamodel;
		};
/* End XCVersionGroup section */
	};
	rootObject = 5B1607952163441800904920 /* Project object */;
}
